// !$*UTF8*$!
{
	archiveVersion = 1;
	classes = {
	};
	objectVersion = 56;
	objects = {

/* Begin PBXBuildFile section */
		10CCBCCC2855E1D900CFDB30 /* AppDelegate.swift in Sources */ = {isa = PBXBuildFile; fileRef = 10CCBCCB2855E1D900CFDB30 /* AppDelegate.swift */; };
		10CCBCCE2855E1D900CFDB30 /* SceneDelegate.swift in Sources */ = {isa = PBXBuildFile; fileRef = 10CCBCCD2855E1D900CFDB30 /* SceneDelegate.swift */; };
		10CCBCD32855E1D900CFDB30 /* Main.storyboard in Resources */ = {isa = PBXBuildFile; fileRef = 10CCBCD12855E1D900CFDB30 /* Main.storyboard */; };
		10CCBCD52855E1DA00CFDB30 /* Assets.xcassets in Resources */ = {isa = PBXBuildFile; fileRef = 10CCBCD42855E1DA00CFDB30 /* Assets.xcassets */; };
		10CCBCD82855E1DA00CFDB30 /* LaunchScreen.storyboard in Resources */ = {isa = PBXBuildFile; fileRef = 10CCBCD62855E1DA00CFDB30 /* LaunchScreen.storyboard */; };
		10CCBCE12855E27200CFDB30 /* WebViewController.swift in Sources */ = {isa = PBXBuildFile; fileRef = 10CCBCDF2855E27200CFDB30 /* WebViewController.swift */; };
		10CCBCE22855E27200CFDB30 /* WebViewProgressView.swift in Sources */ = {isa = PBXBuildFile; fileRef = 10CCBCE02855E27200CFDB30 /* WebViewProgressView.swift */; };
		10CCBCE42858CC4700CFDB30 /* ContentsBlocker.json in Resources */ = {isa = PBXBuildFile; fileRef = 10CCBCE32858CC4700CFDB30 /* ContentsBlocker.json */; };
/* End PBXBuildFile section */

/* Begin PBXFileReference section */
		10CCBCC82855E1D900CFDB30 /* WebKitDemo.app */ = {isa = PBXFileReference; explicitFileType = wrapper.application; includeInIndex = 0; path = WebKitDemo.app; sourceTree = BUILT_PRODUCTS_DIR; };
		10CCBCCB2855E1D900CFDB30 /* AppDelegate.swift */ = {isa = PBXFileReference; lastKnownFileType = sourcecode.swift; path = AppDelegate.swift; sourceTree = "<group>"; };
		10CCBCCD2855E1D900CFDB30 /* SceneDelegate.swift */ = {isa = PBXFileReference; lastKnownFileType = sourcecode.swift; path = SceneDelegate.swift; sourceTree = "<group>"; };
		10CCBCD22855E1D900CFDB30 /* Base */ = {isa = PBXFileReference; lastKnownFileType = file.storyboard; name = Base; path = Base.lproj/Main.storyboard; sourceTree = "<group>"; };
		10CCBCD42855E1DA00CFDB30 /* Assets.xcassets */ = {isa = PBXFileReference; lastKnownFileType = folder.assetcatalog; path = Assets.xcassets; sourceTree = "<group>"; };
		10CCBCD72855E1DA00CFDB30 /* Base */ = {isa = PBXFileReference; lastKnownFileType = file.storyboard; name = Base; path = Base.lproj/LaunchScreen.storyboard; sourceTree = "<group>"; };
		10CCBCD92855E1DA00CFDB30 /* Info.plist */ = {isa = PBXFileReference; lastKnownFileType = text.plist.xml; path = Info.plist; sourceTree = "<group>"; };
		10CCBCDF2855E27200CFDB30 /* WebViewController.swift */ = {isa = PBXFileReference; fileEncoding = 4; lastKnownFileType = sourcecode.swift; path = WebViewController.swift; sourceTree = "<group>"; };
		10CCBCE02855E27200CFDB30 /* WebViewProgressView.swift */ = {isa = PBXFileReference; fileEncoding = 4; lastKnownFileType = sourcecode.swift; path = WebViewProgressView.swift; sourceTree = "<group>"; };
		10CCBCE32858CC4700CFDB30 /* ContentsBlocker.json */ = {isa = PBXFileReference; lastKnownFileType = text.json; path = ContentsBlocker.json; sourceTree = "<group>"; };
/* End PBXFileReference section */

/* Begin PBXFrameworksBuildPhase section */
		10CCBCC52855E1D900CFDB30 /* Frameworks */ = {
			isa = PBXFrameworksBuildPhase;
			buildActionMask = 2147483647;
			files = (
			);
			runOnlyForDeploymentPostprocessing = 0;
		};
/* End PBXFrameworksBuildPhase section */

/* Begin PBXGroup section */
		10CCBCBF2855E1D900CFDB30 = {
			isa = PBXGroup;
			children = (
				10CCBCCA2855E1D900CFDB30 /* WebKitDemo */,
				10CCBCC92855E1D900CFDB30 /* Products */,
			);
			sourceTree = "<group>";
		};
		10CCBCC92855E1D900CFDB30 /* Products */ = {
			isa = PBXGroup;
			children = (
				10CCBCC82855E1D900CFDB30 /* WebKitDemo.app */,
			);
			name = Products;
			sourceTree = "<group>";
		};
		10CCBCCA2855E1D900CFDB30 /* WebKitDemo */ = {
			isa = PBXGroup;
			children = (
				10CCBCCB2855E1D900CFDB30 /* AppDelegate.swift */,
				10CCBCCD2855E1D900CFDB30 /* SceneDelegate.swift */,
				10CCBCDF2855E27200CFDB30 /* WebViewController.swift */,
				10CCBCE02855E27200CFDB30 /* WebViewProgressView.swift */,
				10CCBCD12855E1D900CFDB30 /* Main.storyboard */,
				10CCBCD42855E1DA00CFDB30 /* Assets.xcassets */,
				10CCBCD62855E1DA00CFDB30 /* LaunchScreen.storyboard */,
				10CCBCD92855E1DA00CFDB30 /* Info.plist */,
				10CCBCE32858CC4700CFDB30 /* ContentsBlocker.json */,
			);
			path = WebKitDemo;
			sourceTree = "<group>";
		};
/* End PBXGroup section */

/* Begin PBXNativeTarget section */
		10CCBCC72855E1D900CFDB30 /* WebKitDemo */ = {
			isa = PBXNativeTarget;
			buildConfigurationList = 10CCBCDC2855E1DA00CFDB30 /* Build configuration list for PBXNativeTarget "WebKitDemo" */;
			buildPhases = (
				10CCBCC42855E1D900CFDB30 /* Sources */,
				10CCBCC52855E1D900CFDB30 /* Frameworks */,
				10CCBCC62855E1D900CFDB30 /* Resources */,
			);
			buildRules = (
			);
			dependencies = (
			);
			name = WebKitDemo;
			productName = WebKitDemo;
			productReference = 10CCBCC82855E1D900CFDB30 /* WebKitDemo.app */;
			productType = "com.apple.product-type.application";
		};
/* End PBXNativeTarget section */

/* Begin PBXProject section */
		10CCBCC02855E1D900CFDB30 /* Project object */ = {
			isa = PBXProject;
			attributes = {
				BuildIndependentTargetsInParallel = 1;
				LastSwiftUpdateCheck = 1400;
				LastUpgradeCheck = 1400;
				TargetAttributes = {
					10CCBCC72855E1D900CFDB30 = {
						CreatedOnToolsVersion = 14.0;
					};
				};
			};
			buildConfigurationList = 10CCBCC32855E1D900CFDB30 /* Build configuration list for PBXProject "WebKitDemo" */;
			compatibilityVersion = "Xcode 14.0";
			developmentRegion = en;
			hasScannedForEncodings = 0;
			knownRegions = (
				en,
				Base,
			);
			mainGroup = 10CCBCBF2855E1D900CFDB30;
			productRefGroup = 10CCBCC92855E1D900CFDB30 /* Products */;
			projectDirPath = "";
			projectRoot = "";
			targets = (
				10CCBCC72855E1D900CFDB30 /* WebKitDemo */,
			);
		};
/* End PBXProject section */

/* Begin PBXResourcesBuildPhase section */
		10CCBCC62855E1D900CFDB30 /* Resources */ = {
			isa = PBXResourcesBuildPhase;
			buildActionMask = 2147483647;
			files = (
				10CCBCE42858CC4700CFDB30 /* ContentsBlocker.json in Resources */,
				10CCBCD82855E1DA00CFDB30 /* LaunchScreen.storyboard in Resources */,
				10CCBCD52855E1DA00CFDB30 /* Assets.xcassets in Resources */,
				10CCBCD32855E1D900CFDB30 /* Main.storyboard in Resources */,
			);
			runOnlyForDeploymentPostprocessing = 0;
		};
/* End PBXResourcesBuildPhase section */

/* Begin PBXSourcesBuildPhase section */
		10CCBCC42855E1D900CFDB30 /* Sources */ = {
			isa = PBXSourcesBuildPhase;
			buildActionMask = 2147483647;
			files = (
				10CCBCE22855E27200CFDB30 /* WebViewProgressView.swift in Sources */,
				10CCBCCC2855E1D900CFDB30 /* AppDelegate.swift in Sources */,
				10CCBCCE2855E1D900CFDB30 /* SceneDelegate.swift in Sources */,
				10CCBCE12855E27200CFDB30 /* WebViewController.swift in Sources */,
			);
			runOnlyForDeploymentPostprocessing = 0;
		};
/* End PBXSourcesBuildPhase section */

/* Begin PBXVariantGroup section */
		10CCBCD12855E1D900CFDB30 /* Main.storyboard */ = {
			isa = PBXVariantGroup;
			children = (
				10CCBCD22855E1D900CFDB30 /* Base */,
			);
			name = Main.storyboard;
			sourceTree = "<group>";
		};
		10CCBCD62855E1DA00CFDB30 /* LaunchScreen.storyboard */ = {
			isa = PBXVariantGroup;
			children = (
				10CCBCD72855E1DA00CFDB30 /* Base */,
			);
			name = LaunchScreen.storyboard;
			sourceTree = "<group>";
		};
/* End PBXVariantGroup section */

/* Begin XCBuildConfiguration section */
		10CCBCDA2855E1DA00CFDB30 /* Debug */ = {
			isa = XCBuildConfiguration;
			buildSettings = {
				ALWAYS_SEARCH_USER_PATHS = NO;
				CLANG_ANALYZER_NONNULL = YES;
				CLANG_ANALYZER_NUMBER_OBJECT_CONVERSION = YES_AGGRESSIVE;
				CLANG_CXX_LANGUAGE_STANDARD = "gnu++17";
				CLANG_ENABLE_MODULES = YES;
				CLANG_ENABLE_OBJC_ARC = YES;
				CLANG_ENABLE_OBJC_WEAK = YES;
				CLANG_WARN_BLOCK_CAPTURE_AUTORELEASING = YES;
				CLANG_WARN_BOOL_CONVERSION = YES;
				CLANG_WARN_COMMA = YES;
				CLANG_WARN_CONSTANT_CONVERSION = YES;
				CLANG_WARN_DEPRECATED_OBJC_IMPLEMENTATIONS = YES;
				CLANG_WARN_DIRECT_OBJC_ISA_USAGE = YES_ERROR;
				CLANG_WARN_DOCUMENTATION_COMMENTS = YES;
				CLANG_WARN_EMPTY_BODY = YES;
				CLANG_WARN_ENUM_CONVERSION = YES;
				CLANG_WARN_INFINITE_RECURSION = YES;
				CLANG_WARN_INT_CONVERSION = YES;
				CLANG_WARN_NON_LITERAL_NULL_CONVERSION = YES;
				CLANG_WARN_OBJC_IMPLICIT_RETAIN_SELF = YES;
				CLANG_WARN_OBJC_LITERAL_CONVERSION = YES;
				CLANG_WARN_OBJC_ROOT_CLASS = YES_ERROR;
				CLANG_WARN_QUOTED_INCLUDE_IN_FRAMEWORK_HEADER = YES;
				CLANG_WARN_RANGE_LOOP_ANALYSIS = YES;
				CLANG_WARN_STRICT_PROTOTYPES = YES;
				CLANG_WARN_SUSPICIOUS_MOVE = YES;
				CLANG_WARN_UNGUARDED_AVAILABILITY = YES_AGGRESSIVE;
				CLANG_WARN_UNREACHABLE_CODE = YES;
				CLANG_WARN__DUPLICATE_METHOD_MATCH = YES;
				COPY_PHASE_STRIP = NO;
				DEBUG_INFORMATION_FORMAT = dwarf;
				ENABLE_STRICT_OBJC_MSGSEND = YES;
				ENABLE_TESTABILITY = YES;
				GCC_C_LANGUAGE_STANDARD = gnu11;
				GCC_DYNAMIC_NO_PIC = NO;
				GCC_NO_COMMON_BLOCKS = YES;
				GCC_OPTIMIZATION_LEVEL = 0;
				GCC_PREPROCESSOR_DEFINITIONS = (
					"DEBUG=1",
					"$(inherited)",
				);
				GCC_WARN_64_TO_32_BIT_CONVERSION = YES;
				GCC_WARN_ABOUT_RETURN_TYPE = YES_ERROR;
				GCC_WARN_UNDECLARED_SELECTOR = YES;
				GCC_WARN_UNINITIALIZED_AUTOS = YES_AGGRESSIVE;
				GCC_WARN_UNUSED_FUNCTION = YES;
				GCC_WARN_UNUSED_VARIABLE = YES;
				IPHONEOS_DEPLOYMENT_TARGET = 16.0;
				MTL_ENABLE_DEBUG_INFO = INCLUDE_SOURCE;
				MTL_FAST_MATH = YES;
				ONLY_ACTIVE_ARCH = YES;
				SDKROOT = iphoneos;
				SWIFT_ACTIVE_COMPILATION_CONDITIONS = DEBUG;
				SWIFT_OPTIMIZATION_LEVEL = "-Onone";
			};
			name = Debug;
		};
		10CCBCDB2855E1DA00CFDB30 /* Release */ = {
			isa = XCBuildConfiguration;
			buildSettings = {
				ALWAYS_SEARCH_USER_PATHS = NO;
				CLANG_ANALYZER_NONNULL = YES;
				CLANG_ANALYZER_NUMBER_OBJECT_CONVERSION = YES_AGGRESSIVE;
				CLANG_CXX_LANGUAGE_STANDARD = "gnu++17";
				CLANG_ENABLE_MODULES = YES;
				CLANG_ENABLE_OBJC_ARC = YES;
				CLANG_ENABLE_OBJC_WEAK = YES;
				CLANG_WARN_BLOCK_CAPTURE_AUTORELEASING = YES;
				CLANG_WARN_BOOL_CONVERSION = YES;
				CLANG_WARN_COMMA = YES;
				CLANG_WARN_CONSTANT_CONVERSION = YES;
				CLANG_WARN_DEPRECATED_OBJC_IMPLEMENTATIONS = YES;
				CLANG_WARN_DIRECT_OBJC_ISA_USAGE = YES_ERROR;
				CLANG_WARN_DOCUMENTATION_COMMENTS = YES;
				CLANG_WARN_EMPTY_BODY = YES;
				CLANG_WARN_ENUM_CONVERSION = YES;
				CLANG_WARN_INFINITE_RECURSION = YES;
				CLANG_WARN_INT_CONVERSION = YES;
				CLANG_WARN_NON_LITERAL_NULL_CONVERSION = YES;
				CLANG_WARN_OBJC_IMPLICIT_RETAIN_SELF = YES;
				CLANG_WARN_OBJC_LITERAL_CONVERSION = YES;
				CLANG_WARN_OBJC_ROOT_CLASS = YES_ERROR;
				CLANG_WARN_QUOTED_INCLUDE_IN_FRAMEWORK_HEADER = YES;
				CLANG_WARN_RANGE_LOOP_ANALYSIS = YES;
				CLANG_WARN_STRICT_PROTOTYPES = YES;
				CLANG_WARN_SUSPICIOUS_MOVE = YES;
				CLANG_WARN_UNGUARDED_AVAILABILITY = YES_AGGRESSIVE;
				CLANG_WARN_UNREACHABLE_CODE = YES;
				CLANG_WARN__DUPLICATE_METHOD_MATCH = YES;
				COPY_PHASE_STRIP = NO;
				DEBUG_INFORMATION_FORMAT = "dwarf-with-dsym";
				ENABLE_NS_ASSERTIONS = NO;
				ENABLE_STRICT_OBJC_MSGSEND = YES;
				GCC_C_LANGUAGE_STANDARD = gnu11;
				GCC_NO_COMMON_BLOCKS = YES;
				GCC_WARN_64_TO_32_BIT_CONVERSION = YES;
				GCC_WARN_ABOUT_RETURN_TYPE = YES_ERROR;
				GCC_WARN_UNDECLARED_SELECTOR = YES;
				GCC_WARN_UNINITIALIZED_AUTOS = YES_AGGRESSIVE;
				GCC_WARN_UNUSED_FUNCTION = YES;
				GCC_WARN_UNUSED_VARIABLE = YES;
				IPHONEOS_DEPLOYMENT_TARGET = 16.0;
				MTL_ENABLE_DEBUG_INFO = NO;
				MTL_FAST_MATH = YES;
				SDKROOT = iphoneos;
				SWIFT_COMPILATION_MODE = wholemodule;
				SWIFT_OPTIMIZATION_LEVEL = "-O";
				VALIDATE_PRODUCT = YES;
			};
			name = Release;
		};
		10CCBCDD2855E1DA00CFDB30 /* Debug */ = {
			isa = XCBuildConfiguration;
			buildSettings = {
				ASSETCATALOG_COMPILER_APPICON_NAME = AppIcon;
				ASSETCATALOG_COMPILER_GLOBAL_ACCENT_COLOR_NAME = AccentColor;
				CODE_SIGN_STYLE = Automatic;
				CURRENT_PROJECT_VERSION = 1;
				GENERATE_INFOPLIST_FILE = YES;
				INFOPLIST_FILE = WebKitDemo/Info.plist;
				INFOPLIST_KEY_UIApplicationSupportsIndirectInputEvents = YES;
				INFOPLIST_KEY_UILaunchStoryboardName = LaunchScreen;
				INFOPLIST_KEY_UIMainStoryboardFile = Main;
				INFOPLIST_KEY_UISupportedInterfaceOrientations_iPad = "UIInterfaceOrientationPortrait UIInterfaceOrientationPortraitUpsideDown UIInterfaceOrientationLandscapeLeft UIInterfaceOrientationLandscapeRight";
				INFOPLIST_KEY_UISupportedInterfaceOrientations_iPhone = "UIInterfaceOrientationPortrait UIInterfaceOrientationLandscapeLeft UIInterfaceOrientationLandscapeRight";
				LD_RUNPATH_SEARCH_PATHS = (
					"$(inherited)",
					"@executable_path/Frameworks",
				);
				MARKETING_VERSION = 1.0;
				PRODUCT_BUNDLE_IDENTIFIER = com.epohsoft.WebKitDemo;
				PRODUCT_NAME = "$(TARGET_NAME)";
				SWIFT_EMIT_LOC_STRINGS = YES;
				SWIFT_VERSION = 5.0;
				TARGETED_DEVICE_FAMILY = "1,2";
			};
			name = Debug;
		};
		10CCBCDE2855E1DA00CFDB30 /* Release */ = {
			isa = XCBuildConfiguration;
			buildSettings = {
				ASSETCATALOG_COMPILER_APPICON_NAME = AppIcon;
				ASSETCATALOG_COMPILER_GLOBAL_ACCENT_COLOR_NAME = AccentColor;
				CODE_SIGN_STYLE = Automatic;
				CURRENT_PROJECT_VERSION = 1;
				GENERATE_INFOPLIST_FILE = YES;
				INFOPLIST_FILE = WebKitDemo/Info.plist;
				INFOPLIST_KEY_UIApplicationSupportsIndirectInputEvents = YES;
				INFOPLIST_KEY_UILaunchStoryboardName = LaunchScreen;
				INFOPLIST_KEY_UIMainStoryboardFile = Main;
				INFOPLIST_KEY_UISupportedInterfaceOrientations_iPad = "UIInterfaceOrientationPortrait UIInterfaceOrientationPortraitUpsideDown UIInterfaceOrientationLandscapeLeft UIInterfaceOrientationLandscapeRight";
				INFOPLIST_KEY_UISupportedInterfaceOrientations_iPhone = "UIInterfaceOrientationPortrait UIInterfaceOrientationLandscapeLeft UIInterfaceOrientationLandscapeRight";
				LD_RUNPATH_SEARCH_PATHS = (
					"$(inherited)",
					"@executable_path/Frameworks",
				);
				MARKETING_VERSION = 1.0;
				PRODUCT_BUNDLE_IDENTIFIER = com.epohsoft.WebKitDemo;
				PRODUCT_NAME = "$(TARGET_NAME)";
				SWIFT_EMIT_LOC_STRINGS = YES;
				SWIFT_VERSION = 5.0;
				TARGETED_DEVICE_FAMILY = "1,2";
			};
			name = Release;
		};
/* End XCBuildConfiguration section */

/* Begin XCConfigurationList section */
		10CCBCC32855E1D900CFDB30 /* Build configuration list for PBXProject "WebKitDemo" */ = {
			isa = XCConfigurationList;
			buildConfigurations = (
				10CCBCDA2855E1DA00CFDB30 /* Debug */,
				10CCBCDB2855E1DA00CFDB30 /* Release */,
			);
			defaultConfigurationIsVisible = 0;
			defaultConfigurationName = Release;
		};
		10CCBCDC2855E1DA00CFDB30 /* Build configuration list for PBXNativeTarget "WebKitDemo" */ = {
			isa = XCConfigurationList;
			buildConfigurations = (
				10CCBCDD2855E1DA00CFDB30 /* Debug */,
				10CCBCDE2855E1DA00CFDB30 /* Release */,
			);
			defaultConfigurationIsVisible = 0;
			defaultConfigurationName = Release;
		};
/* End XCConfigurationList section */
	};
	rootObject = 10CCBCC02855E1D900CFDB30 /* Project object */;
}
